
Microsoft Visual Studio Solution File, Format Version 12.00
Project("{FAE04EC0-301F-11D3-BF4B-00C04F79EFBC}") = "Models", "Models\Models.csproj", "{956E98A8-1C57-492D-816F-40FBC7767B21}"
EndProject
Project("{FAE04EC0-301F-11D3-BF4B-00C04F79EFBC}") = "PlayerAPI", "PlayerAPI\PlayerAPI.csproj", "{AF9011BE-DDDC-4ECB-B321-C5BBF8EC3A2F}"
EndProject
Project("{FAE04EC0-301F-11D3-BF4B-00C04F79EFBC}") = "AuthAPI", "AuthAPI\AuthAPI.csproj", "{62A709B5-03E5-43B1-9C09-C04DC510F69C}"
EndProject
Project("{FAE04EC0-301F-11D3-BF4B-00C04F79EFBC}") = "DatabaseAPI", "DatabaseAPI\DatabaseAPI.csproj", "{0568073E-BEFC-49AF-8571-8EAF33DAF2B2}"
EndProject
Project("{FAE04EC0-301F-11D3-BF4B-00C04F79EFBC}") = "DatabaseServices", "DatabaseServices\DatabaseServices.csproj", "{4217E46D-C230-4373-A23D-817B98A819A7}"
EndProject
Project("{FAE04EC0-301F-11D3-BF4B-00C04F79EFBC}") = "Database", "Database\Database.csproj", "{C9B1E0A1-FB54-466E-AD04-54A52C67A425}"
EndProject
Project("{FAE04EC0-301F-11D3-BF4B-00C04F79EFBC}") = "AdminAPI", "AdminAPI\AdminAPI.csproj", "{B81EDAA5-9938-48FF-B953-D26F47D031D1}"
EndProject
Global
	GlobalSection(SolutionConfigurationPlatforms) = preSolution
		Debug|Any CPU = Debug|Any CPU
		Release|Any CPU = Release|Any CPU
	EndGlobalSection
	GlobalSection(ProjectConfigurationPlatforms) = postSolution
		{956E98A8-1C57-492D-816F-40FBC7767B21}.Debug|Any CPU.ActiveCfg = Debug|Any CPU
		{956E98A8-1C57-492D-816F-40FBC7767B21}.Debug|Any CPU.Build.0 = Debug|Any CPU
		{956E98A8-1C57-492D-816F-40FBC7767B21}.Release|Any CPU.ActiveCfg = Release|Any CPU
		{956E98A8-1C57-492D-816F-40FBC7767B21}.Release|Any CPU.Build.0 = Release|Any CPU
		{AF9011BE-DDDC-4ECB-B321-C5BBF8EC3A2F}.Debug|Any CPU.ActiveCfg = Debug|Any CPU
		{AF9011BE-DDDC-4ECB-B321-C5BBF8EC3A2F}.Debug|Any CPU.Build.0 = Debug|Any CPU
		{AF9011BE-DDDC-4ECB-B321-C5BBF8EC3A2F}.Release|Any CPU.ActiveCfg = Release|Any CPU
		{AF9011BE-DDDC-4ECB-B321-C5BBF8EC3A2F}.Release|Any CPU.Build.0 = Release|Any CPU
		{62A709B5-03E5-43B1-9C09-C04DC510F69C}.Debug|Any CPU.ActiveCfg = Debug|Any CPU
		{62A709B5-03E5-43B1-9C09-C04DC510F69C}.Debug|Any CPU.Build.0 = Debug|Any CPU
		{62A709B5-03E5-43B1-9C09-C04DC510F69C}.Release|Any CPU.ActiveCfg = Release|Any CPU
		{62A709B5-03E5-43B1-9C09-C04DC510F69C}.Release|Any CPU.Build.0 = Release|Any CPU
		{0568073E-BEFC-49AF-8571-8EAF33DAF2B2}.Debug|Any CPU.ActiveCfg = Debug|Any CPU
		{0568073E-BEFC-49AF-8571-8EAF33DAF2B2}.Debug|Any CPU.Build.0 = Debug|Any CPU
		{0568073E-BEFC-49AF-8571-8EAF33DAF2B2}.Release|Any CPU.ActiveCfg = Release|Any CPU
		{0568073E-BEFC-49AF-8571-8EAF33DAF2B2}.Release|Any CPU.Build.0 = Release|Any CPU
		{4217E46D-C230-4373-A23D-817B98A819A7}.Debug|Any CPU.ActiveCfg = Debug|Any CPU
		{4217E46D-C230-4373-A23D-817B98A819A7}.Debug|Any CPU.Build.0 = Debug|Any CPU
		{4217E46D-C230-4373-A23D-817B98A819A7}.Release|Any CPU.ActiveCfg = Release|Any CPU
		{4217E46D-C230-4373-A23D-817B98A819A7}.Release|Any CPU.Build.0 = Release|Any CPU
		{C9B1E0A1-FB54-466E-AD04-54A52C67A425}.Debug|Any CPU.ActiveCfg = Debug|Any CPU
		{C9B1E0A1-FB54-466E-AD04-54A52C67A425}.Debug|Any CPU.Build.0 = Debug|Any CPU
		{C9B1E0A1-FB54-466E-AD04-54A52C67A425}.Release|Any CPU.ActiveCfg = Release|Any CPU
		{C9B1E0A1-FB54-466E-AD04-54A52C67A425}.Release|Any CPU.Build.0 = Release|Any CPU
		{B81EDAA5-9938-48FF-B953-D26F47D031D1}.Debug|Any CPU.ActiveCfg = Debug|Any CPU
		{B81EDAA5-9938-48FF-B953-D26F47D031D1}.Debug|Any CPU.Build.0 = Debug|Any CPU
		{B81EDAA5-9938-48FF-B953-D26F47D031D1}.Release|Any CPU.ActiveCfg = Release|Any CPU
		{B81EDAA5-9938-48FF-B953-D26F47D031D1}.Release|Any CPU.Build.0 = Release|Any CPU
	EndGlobalSection
EndGlobal
