
Microsoft Visual Studio Solution File, Format Version 12.00
Project("{FAE04EC0-301F-11D3-BF4B-00C04F79EFBC}") = "Database", "Database\Database.csproj", "{0C88B211-A992-41A6-8B49-817F3F948804}"
EndProject
Project("{FAE04EC0-301F-11D3-BF4B-00C04F79EFBC}") = "Models", "Models\Models.csproj", "{956E98A8-1C57-492D-816F-40FBC7767B21}"
EndProject
Project("{FAE04EC0-301F-11D3-BF4B-00C04F79EFBC}") = "MusicService", "MusicService\MusicService.csproj", "{AF9011BE-DDDC-4ECB-B321-C5BBF8EC3A2F}"
EndProject
Global
	GlobalSection(SolutionConfigurationPlatforms) = preSolution
		Debug|Any CPU = Debug|Any CPU
		Release|Any CPU = Release|Any CPU
	EndGlobalSection
	GlobalSection(ProjectConfigurationPlatforms) = postSolution
		{0C88B211-A992-41A6-8B49-817F3F948804}.Debug|Any CPU.ActiveCfg = Debug|Any CPU
		{0C88B211-A992-41A6-8B49-817F3F948804}.Debug|Any CPU.Build.0 = Debug|Any CPU
		{0C88B211-A992-41A6-8B49-817F3F948804}.Release|Any CPU.ActiveCfg = Release|Any CPU
		{0C88B211-A992-41A6-8B49-817F3F948804}.Release|Any CPU.Build.0 = Release|Any CPU
		{956E98A8-1C57-492D-816F-40FBC7767B21}.Debug|Any CPU.ActiveCfg = Debug|Any CPU
		{956E98A8-1C57-492D-816F-40FBC7767B21}.Debug|Any CPU.Build.0 = Debug|Any CPU
		{956E98A8-1C57-492D-816F-40FBC7767B21}.Release|Any CPU.ActiveCfg = Release|Any CPU
		{956E98A8-1C57-492D-816F-40FBC7767B21}.Release|Any CPU.Build.0 = Release|Any CPU
		{AF9011BE-DDDC-4ECB-B321-C5BBF8EC3A2F}.Debug|Any CPU.ActiveCfg = Debug|Any CPU
		{AF9011BE-DDDC-4ECB-B321-C5BBF8EC3A2F}.Debug|Any CPU.Build.0 = Debug|Any CPU
		{AF9011BE-DDDC-4ECB-B321-C5BBF8EC3A2F}.Release|Any CPU.ActiveCfg = Release|Any CPU
		{AF9011BE-DDDC-4ECB-B321-C5BBF8EC3A2F}.Release|Any CPU.Build.0 = Release|Any CPU
	EndGlobalSection
EndGlobal
